// !$*UTF8*$!
{
	archiveVersion = 1;
	classes = {
	};
	objectVersion = 50;
	objects = {

/* Begin PBXBuildFile section */
		23EE8DDC2368F46100295DED /* AppDelegate.swift in Sources */ = {isa = PBXBuildFile; fileRef = 23EE8DDB2368F46100295DED /* AppDelegate.swift */; };
		23EE8DDE2368F46100295DED /* SceneDelegate.swift in Sources */ = {isa = PBXBuildFile; fileRef = 23EE8DDD2368F46100295DED /* SceneDelegate.swift */; };
		23EE8DF72368F4F200295DED /* LaunchScreen.storyboard in Resources */ = {isa = PBXBuildFile; fileRef = 23EE8DF12368F4F200295DED /* LaunchScreen.storyboard */; };
		23EE8DF82368F4F200295DED /* Main.storyboard in Resources */ = {isa = PBXBuildFile; fileRef = 23EE8DF22368F4F200295DED /* Main.storyboard */; };
		23EE8DF92368F4F200295DED /* ViewController.swift in Sources */ = {isa = PBXBuildFile; fileRef = 23EE8DF42368F4F200295DED /* ViewController.swift */; };
		23EE8DFA2368F4F200295DED /* Assets.xcassets in Resources */ = {isa = PBXBuildFile; fileRef = 23EE8DF62368F4F200295DED /* Assets.xcassets */; };
		23EE8E0A2368F70D00295DED /* ItemViewModel.swift in Sources */ = {isa = PBXBuildFile; fileRef = 23EE8E082368F70D00295DED /* ItemViewModel.swift */; };
		23EE8E0B2368F70D00295DED /* ItemViewModelProtocol.swift in Sources */ = {isa = PBXBuildFile; fileRef = 23EE8E092368F70D00295DED /* ItemViewModelProtocol.swift */; };
		23EE8E0D2368F78600295DED /* ImgurViewModel.swift in Sources */ = {isa = PBXBuildFile; fileRef = 23EE8E0C2368F78600295DED /* ImgurViewModel.swift */; };
		23EE8E0F2368F95000295DED /* ViewController+TableView.swift in Sources */ = {isa = PBXBuildFile; fileRef = 23EE8E0E2368F95000295DED /* ViewController+TableView.swift */; };
		23EE8E122368FA1C00295DED /* ItemRowTableViewCell.swift in Sources */ = {isa = PBXBuildFile; fileRef = 23EE8E102368FA1C00295DED /* ItemRowTableViewCell.swift */; };
		23EE8E132368FA1C00295DED /* ItemRowTableViewCell.xib in Resources */ = {isa = PBXBuildFile; fileRef = 23EE8E112368FA1C00295DED /* ItemRowTableViewCell.xib */; };
		23EE8E182368FC9500295DED /* UIImageVIew+RemoteImage.swift in Sources */ = {isa = PBXBuildFile; fileRef = 23EE8E172368FC9500295DED /* UIImageVIew+RemoteImage.swift */; };
		23EE8E1D2369033100295DED /* ImgurService.swift in Sources */ = {isa = PBXBuildFile; fileRef = 23EE8E1C2369033100295DED /* ImgurService.swift */; };
/* End PBXBuildFile section */

/* Begin PBXFileReference section */
		23EE8DD82368F46100295DED /* imgurJuan.app */ = {isa = PBXFileReference; explicitFileType = wrapper.application; includeInIndex = 0; path = imgurJuan.app; sourceTree = BUILT_PRODUCTS_DIR; };
		23EE8DDB2368F46100295DED /* AppDelegate.swift */ = {isa = PBXFileReference; lastKnownFileType = sourcecode.swift; path = AppDelegate.swift; sourceTree = "<group>"; };
		23EE8DDD2368F46100295DED /* SceneDelegate.swift */ = {isa = PBXFileReference; lastKnownFileType = sourcecode.swift; path = SceneDelegate.swift; sourceTree = "<group>"; };
		23EE8DE92368F46200295DED /* Info.plist */ = {isa = PBXFileReference; lastKnownFileType = text.plist.xml; path = Info.plist; sourceTree = "<group>"; };
		23EE8DF12368F4F200295DED /* LaunchScreen.storyboard */ = {isa = PBXFileReference; fileEncoding = 4; lastKnownFileType = file.storyboard; path = LaunchScreen.storyboard; sourceTree = "<group>"; };
		23EE8DF22368F4F200295DED /* Main.storyboard */ = {isa = PBXFileReference; fileEncoding = 4; lastKnownFileType = file.storyboard; path = Main.storyboard; sourceTree = "<group>"; };
		23EE8DF42368F4F200295DED /* ViewController.swift */ = {isa = PBXFileReference; fileEncoding = 4; lastKnownFileType = sourcecode.swift; path = ViewController.swift; sourceTree = "<group>"; };
		23EE8DF62368F4F200295DED /* Assets.xcassets */ = {isa = PBXFileReference; lastKnownFileType = folder.assetcatalog; path = Assets.xcassets; sourceTree = "<group>"; };
		23EE8E082368F70D00295DED /* ItemViewModel.swift */ = {isa = PBXFileReference; fileEncoding = 4; lastKnownFileType = sourcecode.swift; path = ItemViewModel.swift; sourceTree = "<group>"; };
		23EE8E092368F70D00295DED /* ItemViewModelProtocol.swift */ = {isa = PBXFileReference; fileEncoding = 4; lastKnownFileType = sourcecode.swift; path = ItemViewModelProtocol.swift; sourceTree = "<group>"; };
		23EE8E0C2368F78600295DED /* ImgurViewModel.swift */ = {isa = PBXFileReference; lastKnownFileType = sourcecode.swift; path = ImgurViewModel.swift; sourceTree = "<group>"; };
		23EE8E0E2368F95000295DED /* ViewController+TableView.swift */ = {isa = PBXFileReference; lastKnownFileType = sourcecode.swift; path = "ViewController+TableView.swift"; sourceTree = "<group>"; };
		23EE8E102368FA1C00295DED /* ItemRowTableViewCell.swift */ = {isa = PBXFileReference; lastKnownFileType = sourcecode.swift; path = ItemRowTableViewCell.swift; sourceTree = "<group>"; };
		23EE8E112368FA1C00295DED /* ItemRowTableViewCell.xib */ = {isa = PBXFileReference; lastKnownFileType = file.xib; path = ItemRowTableViewCell.xib; sourceTree = "<group>"; };
		23EE8E172368FC9500295DED /* UIImageVIew+RemoteImage.swift */ = {isa = PBXFileReference; fileEncoding = 4; lastKnownFileType = sourcecode.swift; path = "UIImageVIew+RemoteImage.swift"; sourceTree = "<group>"; };
		23EE8E1C2369033100295DED /* ImgurService.swift */ = {isa = PBXFileReference; fileEncoding = 4; lastKnownFileType = sourcecode.swift; path = ImgurService.swift; sourceTree = "<group>"; };
/* End PBXFileReference section */

/* Begin PBXFrameworksBuildPhase section */
		23EE8DD52368F46100295DED /* Frameworks */ = {
			isa = PBXFrameworksBuildPhase;
			buildActionMask = 2147483647;
			files = (
			);
			runOnlyForDeploymentPostprocessing = 0;
		};
/* End PBXFrameworksBuildPhase section */

/* Begin PBXGroup section */
		23EE8DCF2368F46100295DED = {
			isa = PBXGroup;
			children = (
				23EE8DDA2368F46100295DED /* imgurJuan */,
				23EE8DD92368F46100295DED /* Products */,
			);
			sourceTree = "<group>";
		};
		23EE8DD92368F46100295DED /* Products */ = {
			isa = PBXGroup;
			children = (
				23EE8DD82368F46100295DED /* imgurJuan.app */,
			);
			name = Products;
			sourceTree = "<group>";
		};
		23EE8DDA2368F46100295DED /* imgurJuan */ = {
			isa = PBXGroup;
			children = (
				23EE8E1B2369033100295DED /* Services */,
				23EE8E162368FC9500295DED /* Extensions */,
				23EE8E002368F5EE00295DED /* Models */,
				23EE8DF52368F4F200295DED /* Resources */,
				23EE8DEF2368F4F200295DED /* UI */,
				23EE8DDB2368F46100295DED /* AppDelegate.swift */,
				23EE8DDD2368F46100295DED /* SceneDelegate.swift */,
				23EE8DE92368F46200295DED /* Info.plist */,
			);
			path = imgurJuan;
			sourceTree = "<group>";
		};
		23EE8DEF2368F4F200295DED /* UI */ = {
			isa = PBXGroup;
			children = (
				23EE8DFB2368F52900295DED /* Xibs */,
				23EE8DF02368F4F200295DED /* Storyboards */,
				23EE8DF32368F4F200295DED /* ViewControllers */,
			);
			path = UI;
			sourceTree = "<group>";
		};
		23EE8DF02368F4F200295DED /* Storyboards */ = {
			isa = PBXGroup;
			children = (
				23EE8DF12368F4F200295DED /* LaunchScreen.storyboard */,
				23EE8DF22368F4F200295DED /* Main.storyboard */,
			);
			path = Storyboards;
			sourceTree = "<group>";
		};
		23EE8DF32368F4F200295DED /* ViewControllers */ = {
			isa = PBXGroup;
			children = (
				23EE8DF42368F4F200295DED /* ViewController.swift */,
				23EE8E0E2368F95000295DED /* ViewController+TableView.swift */,
			);
			path = ViewControllers;
			sourceTree = "<group>";
		};
		23EE8DF52368F4F200295DED /* Resources */ = {
			isa = PBXGroup;
			children = (
				23EE8DF62368F4F200295DED /* Assets.xcassets */,
			);
			path = Resources;
			sourceTree = "<group>";
		};
		23EE8DFB2368F52900295DED /* Xibs */ = {
			isa = PBXGroup;
			children = (
				23EE8E102368FA1C00295DED /* ItemRowTableViewCell.swift */,
				23EE8E112368FA1C00295DED /* ItemRowTableViewCell.xib */,
			);
			path = Xibs;
			sourceTree = "<group>";
		};
		23EE8E002368F5EE00295DED /* Models */ = {
			isa = PBXGroup;
			children = (
				23EE8E012368F5EE00295DED /* DTO */,
				23EE8E022368F5EE00295DED /* ViewModel */,
			);
			path = Models;
			sourceTree = "<group>";
		};
		23EE8E012368F5EE00295DED /* DTO */ = {
			isa = PBXGroup;
			children = (
			);
			path = DTO;
			sourceTree = "<group>";
		};
		23EE8E022368F5EE00295DED /* ViewModel */ = {
			isa = PBXGroup;
			children = (
				23EE8E072368F70D00295DED /* ItemViewModel */,
				23EE8E0C2368F78600295DED /* ImgurViewModel.swift */,
			);
			path = ViewModel;
			sourceTree = "<group>";
		};
		23EE8E072368F70D00295DED /* ItemViewModel */ = {
			isa = PBXGroup;
			children = (
				23EE8E082368F70D00295DED /* ItemViewModel.swift */,
				23EE8E092368F70D00295DED /* ItemViewModelProtocol.swift */,
			);
			path = ItemViewModel;
			sourceTree = "<group>";
		};
		23EE8E162368FC9500295DED /* Extensions */ = {
			isa = PBXGroup;
			children = (
				23EE8E172368FC9500295DED /* UIImageVIew+RemoteImage.swift */,
			);
			path = Extensions;
			sourceTree = "<group>";
		};
		23EE8E1B2369033100295DED /* Services */ = {
			isa = PBXGroup;
			children = (
				23EE8E1C2369033100295DED /* ImgurService.swift */,
			);
			path = Services;
			sourceTree = "<group>";
		};
/* End PBXGroup section */

/* Begin PBXNativeTarget section */
		23EE8DD72368F46100295DED /* imgurJuan */ = {
			isa = PBXNativeTarget;
			buildConfigurationList = 23EE8DEC2368F46200295DED /* Build configuration list for PBXNativeTarget "imgurJuan" */;
			buildPhases = (
				23EE8DD42368F46100295DED /* Sources */,
				23EE8DD52368F46100295DED /* Frameworks */,
				23EE8DD62368F46100295DED /* Resources */,
			);
			buildRules = (
			);
			dependencies = (
			);
			name = imgurJuan;
			productName = imgurJuan;
			productReference = 23EE8DD82368F46100295DED /* imgurJuan.app */;
			productType = "com.apple.product-type.application";
		};
/* End PBXNativeTarget section */

/* Begin PBXProject section */
		23EE8DD02368F46100295DED /* Project object */ = {
			isa = PBXProject;
			attributes = {
				LastSwiftUpdateCheck = 1100;
				LastUpgradeCheck = 1100;
				ORGANIZATIONNAME = JS;
				TargetAttributes = {
					23EE8DD72368F46100295DED = {
						CreatedOnToolsVersion = 11.0;
					};
				};
			};
			buildConfigurationList = 23EE8DD32368F46100295DED /* Build configuration list for PBXProject "imgurJuan" */;
			compatibilityVersion = "Xcode 9.3";
			developmentRegion = en;
			hasScannedForEncodings = 0;
			knownRegions = (
				en,
				Base,
			);
			mainGroup = 23EE8DCF2368F46100295DED;
			productRefGroup = 23EE8DD92368F46100295DED /* Products */;
			projectDirPath = "";
			projectRoot = "";
			targets = (
				23EE8DD72368F46100295DED /* imgurJuan */,
			);
		};
/* End PBXProject section */

/* Begin PBXResourcesBuildPhase section */
		23EE8DD62368F46100295DED /* Resources */ = {
			isa = PBXResourcesBuildPhase;
			buildActionMask = 2147483647;
			files = (
				23EE8DF72368F4F200295DED /* LaunchScreen.storyboard in Resources */,
				23EE8DFA2368F4F200295DED /* Assets.xcassets in Resources */,
				23EE8DF82368F4F200295DED /* Main.storyboard in Resources */,
				23EE8E132368FA1C00295DED /* ItemRowTableViewCell.xib in Resources */,
			);
			runOnlyForDeploymentPostprocessing = 0;
		};
/* End PBXResourcesBuildPhase section */

/* Begin PBXSourcesBuildPhase section */
		23EE8DD42368F46100295DED /* Sources */ = {
			isa = PBXSourcesBuildPhase;
			buildActionMask = 2147483647;
			files = (
				23EE8DF92368F4F200295DED /* ViewController.swift in Sources */,
				23EE8E0D2368F78600295DED /* ImgurViewModel.swift in Sources */,
				23EE8E0F2368F95000295DED /* ViewController+TableView.swift in Sources */,
				23EE8E0A2368F70D00295DED /* ItemViewModel.swift in Sources */,
				23EE8DDC2368F46100295DED /* AppDelegate.swift in Sources */,
				23EE8E182368FC9500295DED /* UIImageVIew+RemoteImage.swift in Sources */,
				23EE8DDE2368F46100295DED /* SceneDelegate.swift in Sources */,
				23EE8E0B2368F70D00295DED /* ItemViewModelProtocol.swift in Sources */,
				23EE8E1D2369033100295DED /* ImgurService.swift in Sources */,
				23EE8E122368FA1C00295DED /* ItemRowTableViewCell.swift in Sources */,
			);
			runOnlyForDeploymentPostprocessing = 0;
		};
/* End PBXSourcesBuildPhase section */

/* Begin XCBuildConfiguration section */
		23EE8DEA2368F46200295DED /* Debug */ = {
			isa = XCBuildConfiguration;
			buildSettings = {
				ALWAYS_SEARCH_USER_PATHS = NO;
				CLANG_ANALYZER_NONNULL = YES;
				CLANG_ANALYZER_NUMBER_OBJECT_CONVERSION = YES_AGGRESSIVE;
				CLANG_CXX_LANGUAGE_STANDARD = "gnu++14";
				CLANG_CXX_LIBRARY = "libc++";
				CLANG_ENABLE_MODULES = YES;
				CLANG_ENABLE_OBJC_ARC = YES;
				CLANG_ENABLE_OBJC_WEAK = YES;
				CLANG_WARN_BLOCK_CAPTURE_AUTORELEASING = YES;
				CLANG_WARN_BOOL_CONVERSION = YES;
				CLANG_WARN_COMMA = YES;
				CLANG_WARN_CONSTANT_CONVERSION = YES;
				CLANG_WARN_DEPRECATED_OBJC_IMPLEMENTATIONS = YES;
				CLANG_WARN_DIRECT_OBJC_ISA_USAGE = YES_ERROR;
				CLANG_WARN_DOCUMENTATION_COMMENTS = YES;
				CLANG_WARN_EMPTY_BODY = YES;
				CLANG_WARN_ENUM_CONVERSION = YES;
				CLANG_WARN_INFINITE_RECURSION = YES;
				CLANG_WARN_INT_CONVERSION = YES;
				CLANG_WARN_NON_LITERAL_NULL_CONVERSION = YES;
				CLANG_WARN_OBJC_IMPLICIT_RETAIN_SELF = YES;
				CLANG_WARN_OBJC_LITERAL_CONVERSION = YES;
				CLANG_WARN_OBJC_ROOT_CLASS = YES_ERROR;
				CLANG_WARN_RANGE_LOOP_ANALYSIS = YES;
				CLANG_WARN_STRICT_PROTOTYPES = YES;
				CLANG_WARN_SUSPICIOUS_MOVE = YES;
				CLANG_WARN_UNGUARDED_AVAILABILITY = YES_AGGRESSIVE;
				CLANG_WARN_UNREACHABLE_CODE = YES;
				CLANG_WARN__DUPLICATE_METHOD_MATCH = YES;
				COPY_PHASE_STRIP = NO;
				DEBUG_INFORMATION_FORMAT = dwarf;
				ENABLE_STRICT_OBJC_MSGSEND = YES;
				ENABLE_TESTABILITY = YES;
				GCC_C_LANGUAGE_STANDARD = gnu11;
				GCC_DYNAMIC_NO_PIC = NO;
				GCC_NO_COMMON_BLOCKS = YES;
				GCC_OPTIMIZATION_LEVEL = 0;
				GCC_PREPROCESSOR_DEFINITIONS = (
					"DEBUG=1",
					"$(inherited)",
				);
				GCC_WARN_64_TO_32_BIT_CONVERSION = YES;
				GCC_WARN_ABOUT_RETURN_TYPE = YES_ERROR;
				GCC_WARN_UNDECLARED_SELECTOR = YES;
				GCC_WARN_UNINITIALIZED_AUTOS = YES_AGGRESSIVE;
				GCC_WARN_UNUSED_FUNCTION = YES;
				GCC_WARN_UNUSED_VARIABLE = YES;
				IPHONEOS_DEPLOYMENT_TARGET = 13.0;
				MTL_ENABLE_DEBUG_INFO = INCLUDE_SOURCE;
				MTL_FAST_MATH = YES;
				ONLY_ACTIVE_ARCH = YES;
				SDKROOT = iphoneos;
				SWIFT_ACTIVE_COMPILATION_CONDITIONS = DEBUG;
				SWIFT_OPTIMIZATION_LEVEL = "-Onone";
			};
			name = Debug;
		};
		23EE8DEB2368F46200295DED /* Release */ = {
			isa = XCBuildConfiguration;
			buildSettings = {
				ALWAYS_SEARCH_USER_PATHS = NO;
				CLANG_ANALYZER_NONNULL = YES;
				CLANG_ANALYZER_NUMBER_OBJECT_CONVERSION = YES_AGGRESSIVE;
				CLANG_CXX_LANGUAGE_STANDARD = "gnu++14";
				CLANG_CXX_LIBRARY = "libc++";
				CLANG_ENABLE_MODULES = YES;
				CLANG_ENABLE_OBJC_ARC = YES;
				CLANG_ENABLE_OBJC_WEAK = YES;
				CLANG_WARN_BLOCK_CAPTURE_AUTORELEASING = YES;
				CLANG_WARN_BOOL_CONVERSION = YES;
				CLANG_WARN_COMMA = YES;
				CLANG_WARN_CONSTANT_CONVERSION = YES;
				CLANG_WARN_DEPRECATED_OBJC_IMPLEMENTATIONS = YES;
				CLANG_WARN_DIRECT_OBJC_ISA_USAGE = YES_ERROR;
				CLANG_WARN_DOCUMENTATION_COMMENTS = YES;
				CLANG_WARN_EMPTY_BODY = YES;
				CLANG_WARN_ENUM_CONVERSION = YES;
				CLANG_WARN_INFINITE_RECURSION = YES;
				CLANG_WARN_INT_CONVERSION = YES;
				CLANG_WARN_NON_LITERAL_NULL_CONVERSION = YES;
				CLANG_WARN_OBJC_IMPLICIT_RETAIN_SELF = YES;
				CLANG_WARN_OBJC_LITERAL_CONVERSION = YES;
				CLANG_WARN_OBJC_ROOT_CLASS = YES_ERROR;
				CLANG_WARN_RANGE_LOOP_ANALYSIS = YES;
				CLANG_WARN_STRICT_PROTOTYPES = YES;
				CLANG_WARN_SUSPICIOUS_MOVE = YES;
				CLANG_WARN_UNGUARDED_AVAILABILITY = YES_AGGRESSIVE;
				CLANG_WARN_UNREACHABLE_CODE = YES;
				CLANG_WARN__DUPLICATE_METHOD_MATCH = YES;
				COPY_PHASE_STRIP = NO;
				DEBUG_INFORMATION_FORMAT = "dwarf-with-dsym";
				ENABLE_NS_ASSERTIONS = NO;
				ENABLE_STRICT_OBJC_MSGSEND = YES;
				GCC_C_LANGUAGE_STANDARD = gnu11;
				GCC_NO_COMMON_BLOCKS = YES;
				GCC_WARN_64_TO_32_BIT_CONVERSION = YES;
				GCC_WARN_ABOUT_RETURN_TYPE = YES_ERROR;
				GCC_WARN_UNDECLARED_SELECTOR = YES;
				GCC_WARN_UNINITIALIZED_AUTOS = YES_AGGRESSIVE;
				GCC_WARN_UNUSED_FUNCTION = YES;
				GCC_WARN_UNUSED_VARIABLE = YES;
				IPHONEOS_DEPLOYMENT_TARGET = 13.0;
				MTL_ENABLE_DEBUG_INFO = NO;
				MTL_FAST_MATH = YES;
				SDKROOT = iphoneos;
				SWIFT_COMPILATION_MODE = wholemodule;
				SWIFT_OPTIMIZATION_LEVEL = "-O";
				VALIDATE_PRODUCT = YES;
			};
			name = Release;
		};
		23EE8DED2368F46200295DED /* Debug */ = {
			isa = XCBuildConfiguration;
			buildSettings = {
				ASSETCATALOG_COMPILER_APPICON_NAME = AppIcon;
				CODE_SIGN_STYLE = Automatic;
				DEVELOPMENT_TEAM = G3C6XQTJW2;
				INFOPLIST_FILE = imgurJuan/Info.plist;
				LD_RUNPATH_SEARCH_PATHS = (
					"$(inherited)",
					"@executable_path/Frameworks",
				);
				PRODUCT_BUNDLE_IDENTIFIER = JS.imgurJuan;
				PRODUCT_NAME = "$(TARGET_NAME)";
				SWIFT_VERSION = 5.0;
				TARGETED_DEVICE_FAMILY = "1,2";
			};
			name = Debug;
		};
		23EE8DEE2368F46200295DED /* Release */ = {
			isa = XCBuildConfiguration;
			buildSettings = {
				ASSETCATALOG_COMPILER_APPICON_NAME = AppIcon;
				CODE_SIGN_STYLE = Automatic;
				DEVELOPMENT_TEAM = G3C6XQTJW2;
				INFOPLIST_FILE = imgurJuan/Info.plist;
				LD_RUNPATH_SEARCH_PATHS = (
					"$(inherited)",
					"@executable_path/Frameworks",
				);
				PRODUCT_BUNDLE_IDENTIFIER = JS.imgurJuan;
				PRODUCT_NAME = "$(TARGET_NAME)";
				SWIFT_VERSION = 5.0;
				TARGETED_DEVICE_FAMILY = "1,2";
			};
			name = Release;
		};
/* End XCBuildConfiguration section */

/* Begin XCConfigurationList section */
		23EE8DD32368F46100295DED /* Build configuration list for PBXProject "imgurJuan" */ = {
			isa = XCConfigurationList;
			buildConfigurations = (
				23EE8DEA2368F46200295DED /* Debug */,
				23EE8DEB2368F46200295DED /* Release */,
			);
			defaultConfigurationIsVisible = 0;
			defaultConfigurationName = Release;
		};
		23EE8DEC2368F46200295DED /* Build configuration list for PBXNativeTarget "imgurJuan" */ = {
			isa = XCConfigurationList;
			buildConfigurations = (
				23EE8DED2368F46200295DED /* Debug */,
				23EE8DEE2368F46200295DED /* Release */,
			);
			defaultConfigurationIsVisible = 0;
			defaultConfigurationName = Release;
		};
/* End XCConfigurationList section */
	};
	rootObject = 23EE8DD02368F46100295DED /* Project object */;
}
